// !$*UTF8*$!
{
	archiveVersion = 1;
	classes = {
	};
	objectVersion = 50;
	objects = {

/* Begin PBXBuildFile section */
		3D5AA954262F8CCF000C5D66 /* AppDelegate.swift in Sources */ = {isa = PBXBuildFile; fileRef = 3D5AA953262F8CCE000C5D66 /* AppDelegate.swift */; };
		3D5AA956262F8CCF000C5D66 /* SceneDelegate.swift in Sources */ = {isa = PBXBuildFile; fileRef = 3D5AA955262F8CCF000C5D66 /* SceneDelegate.swift */; };
		3D5AA958262F8CCF000C5D66 /* ViewController.swift in Sources */ = {isa = PBXBuildFile; fileRef = 3D5AA957262F8CCF000C5D66 /* ViewController.swift */; };
		3D5AA95B262F8CCF000C5D66 /* Main.storyboard in Resources */ = {isa = PBXBuildFile; fileRef = 3D5AA959262F8CCF000C5D66 /* Main.storyboard */; };
		3D5AA95D262F8D01000C5D66 /* Assets.xcassets in Resources */ = {isa = PBXBuildFile; fileRef = 3D5AA95C262F8D01000C5D66 /* Assets.xcassets */; };
		3D5AA960262F8D01000C5D66 /* LaunchScreen.storyboard in Resources */ = {isa = PBXBuildFile; fileRef = 3D5AA95E262F8D01000C5D66 /* LaunchScreen.storyboard */; };
		3D5AA96B262F8D03000C5D66 /* rebousta_interview_taskTests.swift in Sources */ = {isa = PBXBuildFile; fileRef = 3D5AA96A262F8D03000C5D66 /* rebousta_interview_taskTests.swift */; };
		3D5AA976262F8D04000C5D66 /* rebousta_interview_taskUITests.swift in Sources */ = {isa = PBXBuildFile; fileRef = 3D5AA975262F8D04000C5D66 /* rebousta_interview_taskUITests.swift */; };
/* End PBXBuildFile section */

/* Begin PBXContainerItemProxy section */
		3D5AA967262F8D03000C5D66 /* PBXContainerItemProxy */ = {
			isa = PBXContainerItemProxy;
			containerPortal = 3D5AA948262F8CCC000C5D66 /* Project object */;
			proxyType = 1;
			remoteGlobalIDString = 3D5AA94F262F8CCC000C5D66;
			remoteInfo = "rebousta interview task";
		};
		3D5AA972262F8D04000C5D66 /* PBXContainerItemProxy */ = {
			isa = PBXContainerItemProxy;
			containerPortal = 3D5AA948262F8CCC000C5D66 /* Project object */;
			proxyType = 1;
			remoteGlobalIDString = 3D5AA94F262F8CCC000C5D66;
			remoteInfo = "rebousta interview task";
		};
/* End PBXContainerItemProxy section */

/* Begin PBXFileReference section */
		3D5AA950262F8CCE000C5D66 /* rebousta interview task.app */ = {isa = PBXFileReference; explicitFileType = wrapper.application; includeInIndex = 0; path = "rebousta interview task.app"; sourceTree = BUILT_PRODUCTS_DIR; };
		3D5AA953262F8CCE000C5D66 /* AppDelegate.swift */ = {isa = PBXFileReference; lastKnownFileType = sourcecode.swift; path = AppDelegate.swift; sourceTree = "<group>"; };
		3D5AA955262F8CCF000C5D66 /* SceneDelegate.swift */ = {isa = PBXFileReference; lastKnownFileType = sourcecode.swift; path = SceneDelegate.swift; sourceTree = "<group>"; };
		3D5AA957262F8CCF000C5D66 /* ViewController.swift */ = {isa = PBXFileReference; lastKnownFileType = sourcecode.swift; path = ViewController.swift; sourceTree = "<group>"; };
		3D5AA95A262F8CCF000C5D66 /* Base */ = {isa = PBXFileReference; lastKnownFileType = file.storyboard; name = Base; path = Base.lproj/Main.storyboard; sourceTree = "<group>"; };
		3D5AA95C262F8D01000C5D66 /* Assets.xcassets */ = {isa = PBXFileReference; lastKnownFileType = folder.assetcatalog; path = Assets.xcassets; sourceTree = "<group>"; };
		3D5AA95F262F8D01000C5D66 /* Base */ = {isa = PBXFileReference; lastKnownFileType = file.storyboard; name = Base; path = Base.lproj/LaunchScreen.storyboard; sourceTree = "<group>"; };
		3D5AA961262F8D02000C5D66 /* Info.plist */ = {isa = PBXFileReference; lastKnownFileType = text.plist.xml; path = Info.plist; sourceTree = "<group>"; };
		3D5AA966262F8D03000C5D66 /* rebousta interview taskTests.xctest */ = {isa = PBXFileReference; explicitFileType = wrapper.cfbundle; includeInIndex = 0; path = "rebousta interview taskTests.xctest"; sourceTree = BUILT_PRODUCTS_DIR; };
		3D5AA96A262F8D03000C5D66 /* rebousta_interview_taskTests.swift */ = {isa = PBXFileReference; lastKnownFileType = sourcecode.swift; path = rebousta_interview_taskTests.swift; sourceTree = "<group>"; };
		3D5AA96C262F8D03000C5D66 /* Info.plist */ = {isa = PBXFileReference; lastKnownFileType = text.plist.xml; path = Info.plist; sourceTree = "<group>"; };
		3D5AA971262F8D04000C5D66 /* rebousta interview taskUITests.xctest */ = {isa = PBXFileReference; explicitFileType = wrapper.cfbundle; includeInIndex = 0; path = "rebousta interview taskUITests.xctest"; sourceTree = BUILT_PRODUCTS_DIR; };
		3D5AA975262F8D04000C5D66 /* rebousta_interview_taskUITests.swift */ = {isa = PBXFileReference; lastKnownFileType = sourcecode.swift; path = rebousta_interview_taskUITests.swift; sourceTree = "<group>"; };
		3D5AA977262F8D04000C5D66 /* Info.plist */ = {isa = PBXFileReference; lastKnownFileType = text.plist.xml; path = Info.plist; sourceTree = "<group>"; };
/* End PBXFileReference section */

/* Begin PBXFrameworksBuildPhase section */
		3D5AA94D262F8CCC000C5D66 /* Frameworks */ = {
			isa = PBXFrameworksBuildPhase;
			buildActionMask = 2147483647;
			files = (
			);
			runOnlyForDeploymentPostprocessing = 0;
		};
		3D5AA963262F8D03000C5D66 /* Frameworks */ = {
			isa = PBXFrameworksBuildPhase;
			buildActionMask = 2147483647;
			files = (
			);
			runOnlyForDeploymentPostprocessing = 0;
		};
		3D5AA96E262F8D03000C5D66 /* Frameworks */ = {
			isa = PBXFrameworksBuildPhase;
			buildActionMask = 2147483647;
			files = (
			);
			runOnlyForDeploymentPostprocessing = 0;
		};
/* End PBXFrameworksBuildPhase section */

/* Begin PBXGroup section */
		3D5AA947262F8CCB000C5D66 = {
			isa = PBXGroup;
			children = (
				3D5AA952262F8CCE000C5D66 /* rebousta interview task */,
				3D5AA969262F8D03000C5D66 /* rebousta interview taskTests */,
				3D5AA974262F8D04000C5D66 /* rebousta interview taskUITests */,
				3D5AA951262F8CCE000C5D66 /* Products */,
			);
			sourceTree = "<group>";
		};
		3D5AA951262F8CCE000C5D66 /* Products */ = {
			isa = PBXGroup;
			children = (
				3D5AA950262F8CCE000C5D66 /* rebousta interview task.app */,
				3D5AA966262F8D03000C5D66 /* rebousta interview taskTests.xctest */,
				3D5AA971262F8D04000C5D66 /* rebousta interview taskUITests.xctest */,
			);
			name = Products;
			sourceTree = "<group>";
		};
		3D5AA952262F8CCE000C5D66 /* rebousta interview task */ = {
			isa = PBXGroup;
			children = (
				3D5AA953262F8CCE000C5D66 /* AppDelegate.swift */,
				3D5AA955262F8CCF000C5D66 /* SceneDelegate.swift */,
				3D5AA957262F8CCF000C5D66 /* ViewController.swift */,
				3D5AA959262F8CCF000C5D66 /* Main.storyboard */,
				3D5AA95C262F8D01000C5D66 /* Assets.xcassets */,
				3D5AA95E262F8D01000C5D66 /* LaunchScreen.storyboard */,
				3D5AA961262F8D02000C5D66 /* Info.plist */,
			);
			path = "rebousta interview task";
			sourceTree = "<group>";
		};
		3D5AA969262F8D03000C5D66 /* rebousta interview taskTests */ = {
			isa = PBXGroup;
			children = (
				3D5AA96A262F8D03000C5D66 /* rebousta_interview_taskTests.swift */,
				3D5AA96C262F8D03000C5D66 /* Info.plist */,
			);
			path = "rebousta interview taskTests";
			sourceTree = "<group>";
		};
		3D5AA974262F8D04000C5D66 /* rebousta interview taskUITests */ = {
			isa = PBXGroup;
			children = (
				3D5AA975262F8D04000C5D66 /* rebousta_interview_taskUITests.swift */,
				3D5AA977262F8D04000C5D66 /* Info.plist */,
			);
			path = "rebousta interview taskUITests";
			sourceTree = "<group>";
		};
/* End PBXGroup section */

/* Begin PBXNativeTarget section */
		3D5AA94F262F8CCC000C5D66 /* rebousta interview task */ = {
			isa = PBXNativeTarget;
			buildConfigurationList = 3D5AA97A262F8D04000C5D66 /* Build configuration list for PBXNativeTarget "rebousta interview task" */;
			buildPhases = (
				3D5AA94C262F8CCC000C5D66 /* Sources */,
				3D5AA94D262F8CCC000C5D66 /* Frameworks */,
				3D5AA94E262F8CCC000C5D66 /* Resources */,
			);
			buildRules = (
			);
			dependencies = (
			);
			name = "rebousta interview task";
			productName = "rebousta interview task";
			productReference = 3D5AA950262F8CCE000C5D66 /* rebousta interview task.app */;
			productType = "com.apple.product-type.application";
		};
		3D5AA965262F8D03000C5D66 /* rebousta interview taskTests */ = {
			isa = PBXNativeTarget;
			buildConfigurationList = 3D5AA97D262F8D04000C5D66 /* Build configuration list for PBXNativeTarget "rebousta interview taskTests" */;
			buildPhases = (
				3D5AA962262F8D03000C5D66 /* Sources */,
				3D5AA963262F8D03000C5D66 /* Frameworks */,
				3D5AA964262F8D03000C5D66 /* Resources */,
			);
			buildRules = (
			);
			dependencies = (
				3D5AA968262F8D03000C5D66 /* PBXTargetDependency */,
			);
			name = "rebousta interview taskTests";
			productName = "rebousta interview taskTests";
			productReference = 3D5AA966262F8D03000C5D66 /* rebousta interview taskTests.xctest */;
			productType = "com.apple.product-type.bundle.unit-test";
		};
		3D5AA970262F8D03000C5D66 /* rebousta interview taskUITests */ = {
			isa = PBXNativeTarget;
			buildConfigurationList = 3D5AA980262F8D04000C5D66 /* Build configuration list for PBXNativeTarget "rebousta interview taskUITests" */;
			buildPhases = (
				3D5AA96D262F8D03000C5D66 /* Sources */,
				3D5AA96E262F8D03000C5D66 /* Frameworks */,
				3D5AA96F262F8D03000C5D66 /* Resources */,
			);
			buildRules = (
			);
			dependencies = (
				3D5AA973262F8D04000C5D66 /* PBXTargetDependency */,
			);
			name = "rebousta interview taskUITests";
			productName = "rebousta interview taskUITests";
			productReference = 3D5AA971262F8D04000C5D66 /* rebousta interview taskUITests.xctest */;
			productType = "com.apple.product-type.bundle.ui-testing";
		};
/* End PBXNativeTarget section */

/* Begin PBXProject section */
		3D5AA948262F8CCC000C5D66 /* Project object */ = {
			isa = PBXProject;
			attributes = {
				LastSwiftUpdateCheck = 1240;
				LastUpgradeCheck = 1240;
				TargetAttributes = {
					3D5AA94F262F8CCC000C5D66 = {
						CreatedOnToolsVersion = 12.4;
					};
					3D5AA965262F8D03000C5D66 = {
						CreatedOnToolsVersion = 12.4;
						TestTargetID = 3D5AA94F262F8CCC000C5D66;
					};
					3D5AA970262F8D03000C5D66 = {
						CreatedOnToolsVersion = 12.4;
						TestTargetID = 3D5AA94F262F8CCC000C5D66;
					};
				};
			};
			buildConfigurationList = 3D5AA94B262F8CCC000C5D66 /* Build configuration list for PBXProject "rebousta interview task" */;
			compatibilityVersion = "Xcode 9.3";
			developmentRegion = en;
			hasScannedForEncodings = 0;
			knownRegions = (
				en,
				Base,
			);
			mainGroup = 3D5AA947262F8CCB000C5D66;
			productRefGroup = 3D5AA951262F8CCE000C5D66 /* Products */;
			projectDirPath = "";
			projectRoot = "";
			targets = (
				3D5AA94F262F8CCC000C5D66 /* rebousta interview task */,
				3D5AA965262F8D03000C5D66 /* rebousta interview taskTests */,
				3D5AA970262F8D03000C5D66 /* rebousta interview taskUITests */,
			);
		};
/* End PBXProject section */

/* Begin PBXResourcesBuildPhase section */
		3D5AA94E262F8CCC000C5D66 /* Resources */ = {
			isa = PBXResourcesBuildPhase;
			buildActionMask = 2147483647;
			files = (
				3D5AA960262F8D01000C5D66 /* LaunchScreen.storyboard in Resources */,
				3D5AA95D262F8D01000C5D66 /* Assets.xcassets in Resources */,
				3D5AA95B262F8CCF000C5D66 /* Main.storyboard in Resources */,
			);
			runOnlyForDeploymentPostprocessing = 0;
		};
		3D5AA964262F8D03000C5D66 /* Resources */ = {
			isa = PBXResourcesBuildPhase;
			buildActionMask = 2147483647;
			files = (
			);
			runOnlyForDeploymentPostprocessing = 0;
		};
		3D5AA96F262F8D03000C5D66 /* Resources */ = {
			isa = PBXResourcesBuildPhase;
			buildActionMask = 2147483647;
			files = (
			);
			runOnlyForDeploymentPostprocessing = 0;
		};
/* End PBXResourcesBuildPhase section */

/* Begin PBXSourcesBuildPhase section */
		3D5AA94C262F8CCC000C5D66 /* Sources */ = {
			isa = PBXSourcesBuildPhase;
			buildActionMask = 2147483647;
			files = (
				3D5AA958262F8CCF000C5D66 /* ViewController.swift in Sources */,
				3D5AA954262F8CCF000C5D66 /* AppDelegate.swift in Sources */,
				3D5AA956262F8CCF000C5D66 /* SceneDelegate.swift in Sources */,
			);
			runOnlyForDeploymentPostprocessing = 0;
		};
		3D5AA962262F8D03000C5D66 /* Sources */ = {
			isa = PBXSourcesBuildPhase;
			buildActionMask = 2147483647;
			files = (
				3D5AA96B262F8D03000C5D66 /* rebousta_interview_taskTests.swift in Sources */,
			);
			runOnlyForDeploymentPostprocessing = 0;
		};
		3D5AA96D262F8D03000C5D66 /* Sources */ = {
			isa = PBXSourcesBuildPhase;
			buildActionMask = 2147483647;
			files = (
				3D5AA976262F8D04000C5D66 /* rebousta_interview_taskUITests.swift in Sources */,
			);
			runOnlyForDeploymentPostprocessing = 0;
		};
/* End PBXSourcesBuildPhase section */

/* Begin PBXTargetDependency section */
		3D5AA968262F8D03000C5D66 /* PBXTargetDependency */ = {
			isa = PBXTargetDependency;
			target = 3D5AA94F262F8CCC000C5D66 /* rebousta interview task */;
			targetProxy = 3D5AA967262F8D03000C5D66 /* PBXContainerItemProxy */;
		};
		3D5AA973262F8D04000C5D66 /* PBXTargetDependency */ = {
			isa = PBXTargetDependency;
			target = 3D5AA94F262F8CCC000C5D66 /* rebousta interview task */;
			targetProxy = 3D5AA972262F8D04000C5D66 /* PBXContainerItemProxy */;
		};
/* End PBXTargetDependency section */

/* Begin PBXVariantGroup section */
		3D5AA959262F8CCF000C5D66 /* Main.storyboard */ = {
			isa = PBXVariantGroup;
			children = (
				3D5AA95A262F8CCF000C5D66 /* Base */,
			);
			name = Main.storyboard;
			sourceTree = "<group>";
		};
		3D5AA95E262F8D01000C5D66 /* LaunchScreen.storyboard */ = {
			isa = PBXVariantGroup;
			children = (
				3D5AA95F262F8D01000C5D66 /* Base */,
			);
			name = LaunchScreen.storyboard;
			sourceTree = "<group>";
		};
/* End PBXVariantGroup section */

/* Begin XCBuildConfiguration section */
		3D5AA978262F8D04000C5D66 /* Debug */ = {
			isa = XCBuildConfiguration;
			buildSettings = {
				ALWAYS_SEARCH_USER_PATHS = NO;
				CLANG_ANALYZER_NONNULL = YES;
				CLANG_ANALYZER_NUMBER_OBJECT_CONVERSION = YES_AGGRESSIVE;
				CLANG_CXX_LANGUAGE_STANDARD = "gnu++14";
				CLANG_CXX_LIBRARY = "libc++";
				CLANG_ENABLE_MODULES = YES;
				CLANG_ENABLE_OBJC_ARC = YES;
				CLANG_ENABLE_OBJC_WEAK = YES;
				CLANG_WARN_BLOCK_CAPTURE_AUTORELEASING = YES;
				CLANG_WARN_BOOL_CONVERSION = YES;
				CLANG_WARN_COMMA = YES;
				CLANG_WARN_CONSTANT_CONVERSION = YES;
				CLANG_WARN_DEPRECATED_OBJC_IMPLEMENTATIONS = YES;
				CLANG_WARN_DIRECT_OBJC_ISA_USAGE = YES_ERROR;
				CLANG_WARN_DOCUMENTATION_COMMENTS = YES;
				CLANG_WARN_EMPTY_BODY = YES;
				CLANG_WARN_ENUM_CONVERSION = YES;
				CLANG_WARN_INFINITE_RECURSION = YES;
				CLANG_WARN_INT_CONVERSION = YES;
				CLANG_WARN_NON_LITERAL_NULL_CONVERSION = YES;
				CLANG_WARN_OBJC_IMPLICIT_RETAIN_SELF = YES;
				CLANG_WARN_OBJC_LITERAL_CONVERSION = YES;
				CLANG_WARN_OBJC_ROOT_CLASS = YES_ERROR;
				CLANG_WARN_QUOTED_INCLUDE_IN_FRAMEWORK_HEADER = YES;
				CLANG_WARN_RANGE_LOOP_ANALYSIS = YES;
				CLANG_WARN_STRICT_PROTOTYPES = YES;
				CLANG_WARN_SUSPICIOUS_MOVE = YES;
				CLANG_WARN_UNGUARDED_AVAILABILITY = YES_AGGRESSIVE;
				CLANG_WARN_UNREACHABLE_CODE = YES;
				CLANG_WARN__DUPLICATE_METHOD_MATCH = YES;
				COPY_PHASE_STRIP = NO;
				DEBUG_INFORMATION_FORMAT = dwarf;
				ENABLE_STRICT_OBJC_MSGSEND = YES;
				ENABLE_TESTABILITY = YES;
				GCC_C_LANGUAGE_STANDARD = gnu11;
				GCC_DYNAMIC_NO_PIC = NO;
				GCC_NO_COMMON_BLOCKS = YES;
				GCC_OPTIMIZATION_LEVEL = 0;
				GCC_PREPROCESSOR_DEFINITIONS = (
					"DEBUG=1",
					"$(inherited)",
				);
				GCC_WARN_64_TO_32_BIT_CONVERSION = YES;
				GCC_WARN_ABOUT_RETURN_TYPE = YES_ERROR;
				GCC_WARN_UNDECLARED_SELECTOR = YES;
				GCC_WARN_UNINITIALIZED_AUTOS = YES_AGGRESSIVE;
				GCC_WARN_UNUSED_FUNCTION = YES;
				GCC_WARN_UNUSED_VARIABLE = YES;
				IPHONEOS_DEPLOYMENT_TARGET = 14.4;
				MTL_ENABLE_DEBUG_INFO = INCLUDE_SOURCE;
				MTL_FAST_MATH = YES;
				ONLY_ACTIVE_ARCH = YES;
				SDKROOT = iphoneos;
				SWIFT_ACTIVE_COMPILATION_CONDITIONS = DEBUG;
				SWIFT_OPTIMIZATION_LEVEL = "-Onone";
			};
			name = Debug;
		};
		3D5AA979262F8D04000C5D66 /* Release */ = {
			isa = XCBuildConfiguration;
			buildSettings = {
				ALWAYS_SEARCH_USER_PATHS = NO;
				CLANG_ANALYZER_NONNULL = YES;
				CLANG_ANALYZER_NUMBER_OBJECT_CONVERSION = YES_AGGRESSIVE;
				CLANG_CXX_LANGUAGE_STANDARD = "gnu++14";
				CLANG_CXX_LIBRARY = "libc++";
				CLANG_ENABLE_MODULES = YES;
				CLANG_ENABLE_OBJC_ARC = YES;
				CLANG_ENABLE_OBJC_WEAK = YES;
				CLANG_WARN_BLOCK_CAPTURE_AUTORELEASING = YES;
				CLANG_WARN_BOOL_CONVERSION = YES;
				CLANG_WARN_COMMA = YES;
				CLANG_WARN_CONSTANT_CONVERSION = YES;
				CLANG_WARN_DEPRECATED_OBJC_IMPLEMENTATIONS = YES;
				CLANG_WARN_DIRECT_OBJC_ISA_USAGE = YES_ERROR;
				CLANG_WARN_DOCUMENTATION_COMMENTS = YES;
				CLANG_WARN_EMPTY_BODY = YES;
				CLANG_WARN_ENUM_CONVERSION = YES;
				CLANG_WARN_INFINITE_RECURSION = YES;
				CLANG_WARN_INT_CONVERSION = YES;
				CLANG_WARN_NON_LITERAL_NULL_CONVERSION = YES;
				CLANG_WARN_OBJC_IMPLICIT_RETAIN_SELF = YES;
				CLANG_WARN_OBJC_LITERAL_CONVERSION = YES;
				CLANG_WARN_OBJC_ROOT_CLASS = YES_ERROR;
				CLANG_WARN_QUOTED_INCLUDE_IN_FRAMEWORK_HEADER = YES;
				CLANG_WARN_RANGE_LOOP_ANALYSIS = YES;
				CLANG_WARN_STRICT_PROTOTYPES = YES;
				CLANG_WARN_SUSPICIOUS_MOVE = YES;
				CLANG_WARN_UNGUARDED_AVAILABILITY = YES_AGGRESSIVE;
				CLANG_WARN_UNREACHABLE_CODE = YES;
				CLANG_WARN__DUPLICATE_METHOD_MATCH = YES;
				COPY_PHASE_STRIP = NO;
				DEBUG_INFORMATION_FORMAT = "dwarf-with-dsym";
				ENABLE_NS_ASSERTIONS = NO;
				ENABLE_STRICT_OBJC_MSGSEND = YES;
				GCC_C_LANGUAGE_STANDARD = gnu11;
				GCC_NO_COMMON_BLOCKS = YES;
				GCC_WARN_64_TO_32_BIT_CONVERSION = YES;
				GCC_WARN_ABOUT_RETURN_TYPE = YES_ERROR;
				GCC_WARN_UNDECLARED_SELECTOR = YES;
				GCC_WARN_UNINITIALIZED_AUTOS = YES_AGGRESSIVE;
				GCC_WARN_UNUSED_FUNCTION = YES;
				GCC_WARN_UNUSED_VARIABLE = YES;
				IPHONEOS_DEPLOYMENT_TARGET = 14.4;
				MTL_ENABLE_DEBUG_INFO = NO;
				MTL_FAST_MATH = YES;
				SDKROOT = iphoneos;
				SWIFT_COMPILATION_MODE = wholemodule;
				SWIFT_OPTIMIZATION_LEVEL = "-O";
				VALIDATE_PRODUCT = YES;
			};
			name = Release;
		};
		3D5AA97B262F8D04000C5D66 /* Debug */ = {
			isa = XCBuildConfiguration;
			buildSettings = {
				ASSETCATALOG_COMPILER_APPICON_NAME = AppIcon;
				ASSETCATALOG_COMPILER_GLOBAL_ACCENT_COLOR_NAME = AccentColor;
				CODE_SIGN_STYLE = Automatic;
				INFOPLIST_FILE = "rebousta interview task/Info.plist";
				LD_RUNPATH_SEARCH_PATHS = (
					"$(inherited)",
					"@executable_path/Frameworks",
				);
				PRODUCT_BUNDLE_IDENTIFIER = "za.rebousta-interview-task";
				PRODUCT_NAME = "$(TARGET_NAME)";
				SWIFT_VERSION = 5.0;
				TARGETED_DEVICE_FAMILY = "1,2";
			};
			name = Debug;
		};
		3D5AA97C262F8D04000C5D66 /* Release */ = {
			isa = XCBuildConfiguration;
			buildSettings = {
				ASSETCATALOG_COMPILER_APPICON_NAME = AppIcon;
				ASSETCATALOG_COMPILER_GLOBAL_ACCENT_COLOR_NAME = AccentColor;
				CODE_SIGN_STYLE = Automatic;
				INFOPLIST_FILE = "rebousta interview task/Info.plist";
				LD_RUNPATH_SEARCH_PATHS = (
					"$(inherited)",
					"@executable_path/Frameworks",
				);
				PRODUCT_BUNDLE_IDENTIFIER = "za.rebousta-interview-task";
				PRODUCT_NAME = "$(TARGET_NAME)";
				SWIFT_VERSION = 5.0;
				TARGETED_DEVICE_FAMILY = "1,2";
			};
			name = Release;
		};
		3D5AA97E262F8D04000C5D66 /* Debug */ = {
			isa = XCBuildConfiguration;
			buildSettings = {
				ALWAYS_EMBED_SWIFT_STANDARD_LIBRARIES = YES;
				BUNDLE_LOADER = "$(TEST_HOST)";
				CODE_SIGN_STYLE = Automatic;
				INFOPLIST_FILE = "rebousta interview taskTests/Info.plist";
				IPHONEOS_DEPLOYMENT_TARGET = 14.4;
				LD_RUNPATH_SEARCH_PATHS = (
					"$(inherited)",
					"@executable_path/Frameworks",
					"@loader_path/Frameworks",
				);
				PRODUCT_BUNDLE_IDENTIFIER = "za.rebousta-interview-taskTests";
				PRODUCT_NAME = "$(TARGET_NAME)";
				SWIFT_VERSION = 5.0;
				TARGETED_DEVICE_FAMILY = "1,2";
				TEST_HOST = "$(BUILT_PRODUCTS_DIR)/rebousta interview task.app/rebousta interview task";
			};
			name = Debug;
		};
		3D5AA97F262F8D04000C5D66 /* Release */ = {
			isa = XCBuildConfiguration;
			buildSettings = {
				ALWAYS_EMBED_SWIFT_STANDARD_LIBRARIES = YES;
				BUNDLE_LOADER = "$(TEST_HOST)";
				CODE_SIGN_STYLE = Automatic;
				INFOPLIST_FILE = "rebousta interview taskTests/Info.plist";
				IPHONEOS_DEPLOYMENT_TARGET = 14.4;
				LD_RUNPATH_SEARCH_PATHS = (
					"$(inherited)",
					"@executable_path/Frameworks",
					"@loader_path/Frameworks",
				);
				PRODUCT_BUNDLE_IDENTIFIER = "za.rebousta-interview-taskTests";
				PRODUCT_NAME = "$(TARGET_NAME)";
				SWIFT_VERSION = 5.0;
				TARGETED_DEVICE_FAMILY = "1,2";
				TEST_HOST = "$(BUILT_PRODUCTS_DIR)/rebousta interview task.app/rebousta interview task";
			};
			name = Release;
		};
		3D5AA981262F8D04000C5D66 /* Debug */ = {
			isa = XCBuildConfiguration;
			buildSettings = {
				ALWAYS_EMBED_SWIFT_STANDARD_LIBRARIES = YES;
				CODE_SIGN_STYLE = Automatic;
				INFOPLIST_FILE = "rebousta interview taskUITests/Info.plist";
				LD_RUNPATH_SEARCH_PATHS = (
					"$(inherited)",
					"@executable_path/Frameworks",
					"@loader_path/Frameworks",
				);
				PRODUCT_BUNDLE_IDENTIFIER = "za.rebousta-interview-taskUITests";
				PRODUCT_NAME = "$(TARGET_NAME)";
				SWIFT_VERSION = 5.0;
				TARGETED_DEVICE_FAMILY = "1,2";
				TEST_TARGET_NAME = "rebousta interview task";
			};
			name = Debug;
		};
		3D5AA982262F8D04000C5D66 /* Release */ = {
			isa = XCBuildConfiguration;
			buildSettings = {
				ALWAYS_EMBED_SWIFT_STANDARD_LIBRARIES = YES;
				CODE_SIGN_STYLE = Automatic;
				INFOPLIST_FILE = "rebousta interview taskUITests/Info.plist";
				LD_RUNPATH_SEARCH_PATHS = (
					"$(inherited)",
					"@executable_path/Frameworks",
					"@loader_path/Frameworks",
				);
				PRODUCT_BUNDLE_IDENTIFIER = "za.rebousta-interview-taskUITests";
				PRODUCT_NAME = "$(TARGET_NAME)";
				SWIFT_VERSION = 5.0;
				TARGETED_DEVICE_FAMILY = "1,2";
				TEST_TARGET_NAME = "rebousta interview task";
			};
			name = Release;
		};
/* End XCBuildConfiguration section */

/* Begin XCConfigurationList section */
		3D5AA94B262F8CCC000C5D66 /* Build configuration list for PBXProject "rebousta interview task" */ = {
			isa = XCConfigurationList;
			buildConfigurations = (
				3D5AA978262F8D04000C5D66 /* Debug */,
				3D5AA979262F8D04000C5D66 /* Release */,
			);
			defaultConfigurationIsVisible = 0;
			defaultConfigurationName = Release;
		};
		3D5AA97A262F8D04000C5D66 /* Build configuration list for PBXNativeTarget "rebousta interview task" */ = {
			isa = XCConfigurationList;
			buildConfigurations = (
				3D5AA97B262F8D04000C5D66 /* Debug */,
				3D5AA97C262F8D04000C5D66 /* Release */,
			);
			defaultConfigurationIsVisible = 0;
			defaultConfigurationName = Release;
		};
		3D5AA97D262F8D04000C5D66 /* Build configuration list for PBXNativeTarget "rebousta interview taskTests" */ = {
			isa = XCConfigurationList;
			buildConfigurations = (
				3D5AA97E262F8D04000C5D66 /* Debug */,
				3D5AA97F262F8D04000C5D66 /* Release */,
			);
			defaultConfigurationIsVisible = 0;
			defaultConfigurationName = Release;
		};
		3D5AA980262F8D04000C5D66 /* Build configuration list for PBXNativeTarget "rebousta interview taskUITests" */ = {
			isa = XCConfigurationList;
			buildConfigurations = (
				3D5AA981262F8D04000C5D66 /* Debug */,
				3D5AA982262F8D04000C5D66 /* Release */,
			);
			defaultConfigurationIsVisible = 0;
			defaultConfigurationName = Release;
		};
/* End XCConfigurationList section */
	};
	rootObject = 3D5AA948262F8CCC000C5D66 /* Project object */;
}
